
Microsoft Visual Studio Solution File, Format Version 12.00
# Visual Studio 15
VisualStudioVersion = 15.0.28307.572
MinimumVisualStudioVersion = 10.0.40219.1
Project("{8BC9CEB8-8B4A-11D0-8D11-00A0C91BC942}") = "mersenne_twister", "mersenne_twister\mersenne_twister.vcxproj", "{F531DF70-7F96-4ACC-A2C5-6D960A5CE50C}"
EndProject
Project("{8BC9CEB8-8B4A-11D0-8D11-00A0C91BC942}") = "jssp.model", "jssp.model\jssp.model.vcxproj", "{6D7CC54F-BF40-D8AF-CF92-87E924F5A17B}"
	ProjectSection(ProjectDependencies) = postProject
		{F531DF70-7F96-4ACC-A2C5-6D960A5CE50C} = {F531DF70-7F96-4ACC-A2C5-6D960A5CE50C}
		{028F6589-8CDF-4098-85D7-E3ABB76D9C1E} = {028F6589-8CDF-4098-85D7-E3ABB76D9C1E}
	EndProjectSection
EndProject
Project("{8BC9CEB8-8B4A-11D0-8D11-00A0C91BC942}") = "chm.utilities", "chm.utilities\chm.utilities.vcxproj", "{028F6589-8CDF-4098-85D7-E3ABB76D9C1E}"
EndProject
Project("{8BC9CEB8-8B4A-11D0-8D11-00A0C91BC942}") = "jssp.tabu.method", "jssp.tabu.method\jssp.tabu.method.vcxproj", "{867178EF-29FD-42ED-A23B-890FDB2FEDEC}"
	ProjectSection(ProjectDependencies) = postProject
		{6D7CC54F-BF40-D8AF-CF92-87E924F5A17B} = {6D7CC54F-BF40-D8AF-CF92-87E924F5A17B}
		{F531DF70-7F96-4ACC-A2C5-6D960A5CE50C} = {F531DF70-7F96-4ACC-A2C5-6D960A5CE50C}
		{028F6589-8CDF-4098-85D7-E3ABB76D9C1E} = {028F6589-8CDF-4098-85D7-E3ABB76D9C1E}
		{35D1C8F4-E425-4C46-8A01-3286F677A54C} = {35D1C8F4-E425-4C46-8A01-3286F677A54C}
	EndProjectSection
EndProject
Project("{8BC9CEB8-8B4A-11D0-8D11-00A0C91BC942}") = "jssp.galib.method", "jssp.galib.method\jssp.galib.method.vcxproj", "{FDE96FD8-6264-4ED7-8A1E-68509E3E50D2}"
	ProjectSection(ProjectDependencies) = postProject
		{6D7CC54F-BF40-D8AF-CF92-87E924F5A17B} = {6D7CC54F-BF40-D8AF-CF92-87E924F5A17B}
		{F531DF70-7F96-4ACC-A2C5-6D960A5CE50C} = {F531DF70-7F96-4ACC-A2C5-6D960A5CE50C}
		{028F6589-8CDF-4098-85D7-E3ABB76D9C1E} = {028F6589-8CDF-4098-85D7-E3ABB76D9C1E}
		{35D1C8F4-E425-4C46-8A01-3286F677A54C} = {35D1C8F4-E425-4C46-8A01-3286F677A54C}
	EndProjectSection
EndProject
Project("{8BC9CEB8-8B4A-11D0-8D11-00A0C91BC942}") = "jssp.grasp.method", "jssp.grasp.method\jssp.grasp.method.vcxproj", "{5E4FCCB4-A8DF-47DB-9B45-2031FE219971}"
	ProjectSection(ProjectDependencies) = postProject
		{6D7CC54F-BF40-D8AF-CF92-87E924F5A17B} = {6D7CC54F-BF40-D8AF-CF92-87E924F5A17B}
		{F531DF70-7F96-4ACC-A2C5-6D960A5CE50C} = {F531DF70-7F96-4ACC-A2C5-6D960A5CE50C}
		{028F6589-8CDF-4098-85D7-E3ABB76D9C1E} = {028F6589-8CDF-4098-85D7-E3ABB76D9C1E}
		{35D1C8F4-E425-4C46-8A01-3286F677A54C} = {35D1C8F4-E425-4C46-8A01-3286F677A54C}
	EndProjectSection
EndProject
Project("{8BC9CEB8-8B4A-11D0-8D11-00A0C91BC942}") = "jssp.heuristics", "jssp.heuristics\jssp.heuristics.vcxproj", "{35D1C8F4-E425-4C46-8A01-3286F677A54C}"
EndProject
Project("{8BC9CEB8-8B4A-11D0-8D11-00A0C91BC942}") = "jssp.brkga.method", "jssp.brkga.method\jssp.brkga.method.vcxproj", "{9B57F688-1329-44C6-9767-CDAB8E9A92A3}"
	ProjectSection(ProjectDependencies) = postProject
		{6D7CC54F-BF40-D8AF-CF92-87E924F5A17B} = {6D7CC54F-BF40-D8AF-CF92-87E924F5A17B}
		{F531DF70-7F96-4ACC-A2C5-6D960A5CE50C} = {F531DF70-7F96-4ACC-A2C5-6D960A5CE50C}
		{028F6589-8CDF-4098-85D7-E3ABB76D9C1E} = {028F6589-8CDF-4098-85D7-E3ABB76D9C1E}
		{35D1C8F4-E425-4C46-8A01-3286F677A54C} = {35D1C8F4-E425-4C46-8A01-3286F677A54C}
	EndProjectSection
EndProject
Project("{8BC9CEB8-8B4A-11D0-8D11-00A0C91BC942}") = "constructive.method", "jssp.constructive.method\jssp.constructive.method.vcxproj", "{8F07A111-D1A2-4456-B4D4-D37038B54F0A}"
	ProjectSection(ProjectDependencies) = postProject
		{6D7CC54F-BF40-D8AF-CF92-87E924F5A17B} = {6D7CC54F-BF40-D8AF-CF92-87E924F5A17B}
		{F531DF70-7F96-4ACC-A2C5-6D960A5CE50C} = {F531DF70-7F96-4ACC-A2C5-6D960A5CE50C}
		{028F6589-8CDF-4098-85D7-E3ABB76D9C1E} = {028F6589-8CDF-4098-85D7-E3ABB76D9C1E}
		{35D1C8F4-E425-4C46-8A01-3286F677A54C} = {35D1C8F4-E425-4C46-8A01-3286F677A54C}
	EndProjectSection
EndProject
Project("{8BC9CEB8-8B4A-11D0-8D11-00A0C91BC942}") = "jssp.vns.method", "jssp.vns.method\jssp.vns.method.vcxproj", "{B1C1DCAF-984A-45AF-B59F-714D8412F861}"
	ProjectSection(ProjectDependencies) = postProject
		{6D7CC54F-BF40-D8AF-CF92-87E924F5A17B} = {6D7CC54F-BF40-D8AF-CF92-87E924F5A17B}
		{F531DF70-7F96-4ACC-A2C5-6D960A5CE50C} = {F531DF70-7F96-4ACC-A2C5-6D960A5CE50C}
		{028F6589-8CDF-4098-85D7-E3ABB76D9C1E} = {028F6589-8CDF-4098-85D7-E3ABB76D9C1E}
		{35D1C8F4-E425-4C46-8A01-3286F677A54C} = {35D1C8F4-E425-4C46-8A01-3286F677A54C}
	EndProjectSection
EndProject
Project("{8BC9CEB8-8B4A-11D0-8D11-00A0C91BC942}") = "jssp.ils.method", "jssp.ils.method\jssp.ils.method.vcxproj", "{D959A1E5-BAAA-4870-9FE8-E6F617BC23C8}"
	ProjectSection(ProjectDependencies) = postProject
		{6D7CC54F-BF40-D8AF-CF92-87E924F5A17B} = {6D7CC54F-BF40-D8AF-CF92-87E924F5A17B}
		{F531DF70-7F96-4ACC-A2C5-6D960A5CE50C} = {F531DF70-7F96-4ACC-A2C5-6D960A5CE50C}
		{028F6589-8CDF-4098-85D7-E3ABB76D9C1E} = {028F6589-8CDF-4098-85D7-E3ABB76D9C1E}
		{35D1C8F4-E425-4C46-8A01-3286F677A54C} = {35D1C8F4-E425-4C46-8A01-3286F677A54C}
	EndProjectSection
EndProject
Project("{8BC9CEB8-8B4A-11D0-8D11-00A0C91BC942}") = "jssp.antcolony.method", "jssp.antcolony.method\jssp.antcolony.method.vcxproj", "{2053E3A1-4FE9-40A1-869B-76B92F603447}"
	ProjectSection(ProjectDependencies) = postProject
		{6D7CC54F-BF40-D8AF-CF92-87E924F5A17B} = {6D7CC54F-BF40-D8AF-CF92-87E924F5A17B}
		{F531DF70-7F96-4ACC-A2C5-6D960A5CE50C} = {F531DF70-7F96-4ACC-A2C5-6D960A5CE50C}
		{028F6589-8CDF-4098-85D7-E3ABB76D9C1E} = {028F6589-8CDF-4098-85D7-E3ABB76D9C1E}
		{35D1C8F4-E425-4C46-8A01-3286F677A54C} = {35D1C8F4-E425-4C46-8A01-3286F677A54C}
	EndProjectSection
EndProject
Project("{8BC9CEB8-8B4A-11D0-8D11-00A0C91BC942}") = "jssp.sannealing.method", "jssp.sannealing.method\jssp.sannealing.method.vcxproj", "{B8352C50-4060-4420-A74A-CAE30AF9FAC0}"
	ProjectSection(ProjectDependencies) = postProject
		{6D7CC54F-BF40-D8AF-CF92-87E924F5A17B} = {6D7CC54F-BF40-D8AF-CF92-87E924F5A17B}
		{F531DF70-7F96-4ACC-A2C5-6D960A5CE50C} = {F531DF70-7F96-4ACC-A2C5-6D960A5CE50C}
		{028F6589-8CDF-4098-85D7-E3ABB76D9C1E} = {028F6589-8CDF-4098-85D7-E3ABB76D9C1E}
		{35D1C8F4-E425-4C46-8A01-3286F677A54C} = {35D1C8F4-E425-4C46-8A01-3286F677A54C}
	EndProjectSection
EndProject
Global
	GlobalSection(SolutionConfigurationPlatforms) = preSolution
		Debug|x64 = Debug|x64
		Debug|x86 = Debug|x86
		Release|x64 = Release|x64
		Release|x86 = Release|x86
	EndGlobalSection
	GlobalSection(ProjectConfigurationPlatforms) = postSolution
		{F531DF70-7F96-4ACC-A2C5-6D960A5CE50C}.Debug|x64.ActiveCfg = Debug|x64
		{F531DF70-7F96-4ACC-A2C5-6D960A5CE50C}.Debug|x64.Build.0 = Debug|x64
		{F531DF70-7F96-4ACC-A2C5-6D960A5CE50C}.Debug|x86.ActiveCfg = Debug|Win32
		{F531DF70-7F96-4ACC-A2C5-6D960A5CE50C}.Debug|x86.Build.0 = Debug|Win32
		{F531DF70-7F96-4ACC-A2C5-6D960A5CE50C}.Release|x64.ActiveCfg = Release|x64
		{F531DF70-7F96-4ACC-A2C5-6D960A5CE50C}.Release|x64.Build.0 = Release|x64
		{F531DF70-7F96-4ACC-A2C5-6D960A5CE50C}.Release|x86.ActiveCfg = Release|Win32
		{F531DF70-7F96-4ACC-A2C5-6D960A5CE50C}.Release|x86.Build.0 = Release|Win32
		{6D7CC54F-BF40-D8AF-CF92-87E924F5A17B}.Debug|x64.ActiveCfg = Debug|Win32
		{6D7CC54F-BF40-D8AF-CF92-87E924F5A17B}.Debug|x86.ActiveCfg = Debug|Win32
		{6D7CC54F-BF40-D8AF-CF92-87E924F5A17B}.Debug|x86.Build.0 = Debug|Win32
		{6D7CC54F-BF40-D8AF-CF92-87E924F5A17B}.Release|x64.ActiveCfg = Release|Win32
		{6D7CC54F-BF40-D8AF-CF92-87E924F5A17B}.Release|x86.ActiveCfg = Release|Win32
		{6D7CC54F-BF40-D8AF-CF92-87E924F5A17B}.Release|x86.Build.0 = Release|Win32
		{028F6589-8CDF-4098-85D7-E3ABB76D9C1E}.Debug|x64.ActiveCfg = Debug|x64
		{028F6589-8CDF-4098-85D7-E3ABB76D9C1E}.Debug|x64.Build.0 = Debug|x64
		{028F6589-8CDF-4098-85D7-E3ABB76D9C1E}.Debug|x86.ActiveCfg = Debug|Win32
		{028F6589-8CDF-4098-85D7-E3ABB76D9C1E}.Debug|x86.Build.0 = Debug|Win32
		{028F6589-8CDF-4098-85D7-E3ABB76D9C1E}.Release|x64.ActiveCfg = Release|x64
		{028F6589-8CDF-4098-85D7-E3ABB76D9C1E}.Release|x64.Build.0 = Release|x64
		{028F6589-8CDF-4098-85D7-E3ABB76D9C1E}.Release|x86.ActiveCfg = Release|Win32
		{028F6589-8CDF-4098-85D7-E3ABB76D9C1E}.Release|x86.Build.0 = Release|Win32
		{867178EF-29FD-42ED-A23B-890FDB2FEDEC}.Debug|x64.ActiveCfg = Debug|Win32
		{867178EF-29FD-42ED-A23B-890FDB2FEDEC}.Debug|x86.ActiveCfg = Debug|Win32
		{867178EF-29FD-42ED-A23B-890FDB2FEDEC}.Debug|x86.Build.0 = Debug|Win32
		{867178EF-29FD-42ED-A23B-890FDB2FEDEC}.Release|x64.ActiveCfg = Release|Win32
		{867178EF-29FD-42ED-A23B-890FDB2FEDEC}.Release|x86.ActiveCfg = Release|Win32
		{867178EF-29FD-42ED-A23B-890FDB2FEDEC}.Release|x86.Build.0 = Release|Win32
		{FDE96FD8-6264-4ED7-8A1E-68509E3E50D2}.Debug|x64.ActiveCfg = Debug|Win32
		{FDE96FD8-6264-4ED7-8A1E-68509E3E50D2}.Debug|x86.ActiveCfg = Debug|Win32
		{FDE96FD8-6264-4ED7-8A1E-68509E3E50D2}.Debug|x86.Build.0 = Debug|Win32
		{FDE96FD8-6264-4ED7-8A1E-68509E3E50D2}.Release|x64.ActiveCfg = Release|Win32
		{FDE96FD8-6264-4ED7-8A1E-68509E3E50D2}.Release|x86.ActiveCfg = Release|Win32
		{FDE96FD8-6264-4ED7-8A1E-68509E3E50D2}.Release|x86.Build.0 = Release|Win32
		{5E4FCCB4-A8DF-47DB-9B45-2031FE219971}.Debug|x64.ActiveCfg = Debug|Win32
		{5E4FCCB4-A8DF-47DB-9B45-2031FE219971}.Debug|x86.ActiveCfg = Debug|Win32
		{5E4FCCB4-A8DF-47DB-9B45-2031FE219971}.Debug|x86.Build.0 = Debug|Win32
		{5E4FCCB4-A8DF-47DB-9B45-2031FE219971}.Release|x64.ActiveCfg = Release|Win32
		{5E4FCCB4-A8DF-47DB-9B45-2031FE219971}.Release|x86.ActiveCfg = Release|Win32
		{5E4FCCB4-A8DF-47DB-9B45-2031FE219971}.Release|x86.Build.0 = Release|Win32
		{35D1C8F4-E425-4C46-8A01-3286F677A54C}.Debug|x64.ActiveCfg = Debug|Win32
		{35D1C8F4-E425-4C46-8A01-3286F677A54C}.Debug|x86.ActiveCfg = Debug|Win32
		{35D1C8F4-E425-4C46-8A01-3286F677A54C}.Debug|x86.Build.0 = Debug|Win32
		{35D1C8F4-E425-4C46-8A01-3286F677A54C}.Release|x64.ActiveCfg = Release|Win32
		{35D1C8F4-E425-4C46-8A01-3286F677A54C}.Release|x86.ActiveCfg = Release|Win32
		{35D1C8F4-E425-4C46-8A01-3286F677A54C}.Release|x86.Build.0 = Release|Win32
		{9B57F688-1329-44C6-9767-CDAB8E9A92A3}.Debug|x64.ActiveCfg = Debug|Win32
		{9B57F688-1329-44C6-9767-CDAB8E9A92A3}.Debug|x86.ActiveCfg = Debug|Win32
		{9B57F688-1329-44C6-9767-CDAB8E9A92A3}.Debug|x86.Build.0 = Debug|Win32
		{9B57F688-1329-44C6-9767-CDAB8E9A92A3}.Release|x64.ActiveCfg = Release|Win32
		{9B57F688-1329-44C6-9767-CDAB8E9A92A3}.Release|x86.ActiveCfg = Release|Win32
		{9B57F688-1329-44C6-9767-CDAB8E9A92A3}.Release|x86.Build.0 = Release|Win32
		{8F07A111-D1A2-4456-B4D4-D37038B54F0A}.Debug|x64.ActiveCfg = Debug|Win32
		{8F07A111-D1A2-4456-B4D4-D37038B54F0A}.Debug|x86.ActiveCfg = Debug|Win32
		{8F07A111-D1A2-4456-B4D4-D37038B54F0A}.Debug|x86.Build.0 = Debug|Win32
		{8F07A111-D1A2-4456-B4D4-D37038B54F0A}.Release|x64.ActiveCfg = Release|Win32
		{8F07A111-D1A2-4456-B4D4-D37038B54F0A}.Release|x86.ActiveCfg = Release|Win32
		{8F07A111-D1A2-4456-B4D4-D37038B54F0A}.Release|x86.Build.0 = Release|Win32
		{B1C1DCAF-984A-45AF-B59F-714D8412F861}.Debug|x64.ActiveCfg = Debug|Win32
		{B1C1DCAF-984A-45AF-B59F-714D8412F861}.Debug|x86.ActiveCfg = Debug|Win32
		{B1C1DCAF-984A-45AF-B59F-714D8412F861}.Debug|x86.Build.0 = Debug|Win32
		{B1C1DCAF-984A-45AF-B59F-714D8412F861}.Release|x64.ActiveCfg = Release|Win32
		{B1C1DCAF-984A-45AF-B59F-714D8412F861}.Release|x86.ActiveCfg = Release|Win32
		{B1C1DCAF-984A-45AF-B59F-714D8412F861}.Release|x86.Build.0 = Release|Win32
		{D959A1E5-BAAA-4870-9FE8-E6F617BC23C8}.Debug|x64.ActiveCfg = Debug|Win32
		{D959A1E5-BAAA-4870-9FE8-E6F617BC23C8}.Debug|x86.ActiveCfg = Debug|Win32
		{D959A1E5-BAAA-4870-9FE8-E6F617BC23C8}.Debug|x86.Build.0 = Debug|Win32
		{D959A1E5-BAAA-4870-9FE8-E6F617BC23C8}.Release|x64.ActiveCfg = Release|Win32
		{D959A1E5-BAAA-4870-9FE8-E6F617BC23C8}.Release|x86.ActiveCfg = Release|Win32
		{D959A1E5-BAAA-4870-9FE8-E6F617BC23C8}.Release|x86.Build.0 = Release|Win32
		{2053E3A1-4FE9-40A1-869B-76B92F603447}.Debug|x64.ActiveCfg = Debug|Win32
		{2053E3A1-4FE9-40A1-869B-76B92F603447}.Debug|x86.ActiveCfg = Debug|Win32
		{2053E3A1-4FE9-40A1-869B-76B92F603447}.Debug|x86.Build.0 = Debug|Win32
		{2053E3A1-4FE9-40A1-869B-76B92F603447}.Release|x64.ActiveCfg = Release|Win32
		{2053E3A1-4FE9-40A1-869B-76B92F603447}.Release|x86.ActiveCfg = Release|Win32
		{2053E3A1-4FE9-40A1-869B-76B92F603447}.Release|x86.Build.0 = Release|Win32
		{B8352C50-4060-4420-A74A-CAE30AF9FAC0}.Debug|x64.ActiveCfg = Debug|Win32
		{B8352C50-4060-4420-A74A-CAE30AF9FAC0}.Debug|x86.ActiveCfg = Debug|Win32
		{B8352C50-4060-4420-A74A-CAE30AF9FAC0}.Debug|x86.Build.0 = Debug|Win32
		{B8352C50-4060-4420-A74A-CAE30AF9FAC0}.Release|x64.ActiveCfg = Release|Win32
		{B8352C50-4060-4420-A74A-CAE30AF9FAC0}.Release|x86.ActiveCfg = Release|Win32
		{B8352C50-4060-4420-A74A-CAE30AF9FAC0}.Release|x86.Build.0 = Release|Win32
	EndGlobalSection
	GlobalSection(SolutionProperties) = preSolution
		HideSolutionNode = FALSE
	EndGlobalSection
	GlobalSection(ExtensibilityGlobals) = postSolution
		SolutionGuid = {4E751AE4-93F6-4676-826B-363F01D6BA5C}
	EndGlobalSection
EndGlobal
